
Microsoft Visual Studio Solution File, Format Version 12.00
# Visual Studio Version 17
VisualStudioVersion = 17.7.34221.43
MinimumVisualStudioVersion = 10.0.40219.1
Project("{FAE04EC0-301F-11D3-BF4B-00C04F79EFBC}") = "PhoneBookApp", "PhoneBookApp\PhoneBookApp.csproj", "{30E142D2-EA4E-4ACB-B032-81D710C60DD9}"
EndProject
Global
	GlobalSection(SolutionConfigurationPlatforms) = preSolution
		Debug|Any CPU = Debug|Any CPU
		Release|Any CPU = Release|Any CPU
	EndGlobalSection
	GlobalSection(ProjectConfigurationPlatforms) = postSolution
		{30E142D2-EA4E-4ACB-B032-81D710C60DD9}.Debug|Any CPU.ActiveCfg = Debug|Any CPU
		{30E142D2-EA4E-4ACB-B032-81D710C60DD9}.Debug|Any CPU.Build.0 = Debug|Any CPU
		{30E142D2-EA4E-4ACB-B032-81D710C60DD9}.Release|Any CPU.ActiveCfg = Release|Any CPU
		{30E142D2-EA4E-4ACB-B032-81D710C60DD9}.Release|Any CPU.Build.0 = Release|Any CPU
	EndGlobalSection
	GlobalSection(SolutionProperties) = preSolution
		HideSolutionNode = FALSE
	EndGlobalSection
	GlobalSection(ExtensibilityGlobals) = postSolution
		SolutionGuid = {06D26917-47EB-4793-ABC2-0184C3AC5219}
	EndGlobalSection
EndGlobal
